
Microsoft Visual Studio Solution File, Format Version 12.00
# Visual Studio Version 16
VisualStudioVersion = 16.0.34902.97
MinimumVisualStudioVersion = 10.0.40219.1
Project("{FAE04EC0-301F-11D3-BF4B-00C04F79EFBC}") = "foreachlianxi", "foreachlianxi.csproj", "{814A5DAB-1B01-4A65-A5EA-78AE33CB831C}"
EndProject
Global
	GlobalSection(SolutionConfigurationPlatforms) = preSolution
		Debug|Any CPU = Debug|Any CPU
		Release|Any CPU = Release|Any CPU
	EndGlobalSection
	GlobalSection(ProjectConfigurationPlatforms) = postSolution
		{814A5DAB-1B01-4A65-A5EA-78AE33CB831C}.Debug|Any CPU.ActiveCfg = Debug|Any CPU
		{814A5DAB-1B01-4A65-A5EA-78AE33CB831C}.Debug|Any CPU.Build.0 = Debug|Any CPU
		{814A5DAB-1B01-4A65-A5EA-78AE33CB831C}.Release|Any CPU.ActiveCfg = Release|Any CPU
		{814A5DAB-1B01-4A65-A5EA-78AE33CB831C}.Release|Any CPU.Build.0 = Release|Any CPU
	EndGlobalSection
	GlobalSection(SolutionProperties) = preSolution
		HideSolutionNode = FALSE
	EndGlobalSection
	GlobalSection(ExtensibilityGlobals) = postSolution
		SolutionGuid = {6B93EA43-ED5E-4C44-9ADC-B5C9D228A792}
	EndGlobalSection
EndGlobal
