
Microsoft Visual Studio Solution File, Format Version 12.00
# Visual Studio Version 16
VisualStudioVersion = 16.0.34902.97
MinimumVisualStudioVersion = 10.0.40219.1
Project("{FAE04EC0-301F-11D3-BF4B-00C04F79EFBC}") = "WpfApp", "WpfApp.csproj", "{D7A6BD4D-36F1-4C3C-9C01-3A7A1F01DB17}"
EndProject
Global
	GlobalSection(SolutionConfigurationPlatforms) = preSolution
		Debug|Any CPU = Debug|Any CPU
		Release|Any CPU = Release|Any CPU
	EndGlobalSection
	GlobalSection(ProjectConfigurationPlatforms) = postSolution
		{D7A6BD4D-36F1-4C3C-9C01-3A7A1F01DB17}.Debug|Any CPU.ActiveCfg = Debug|Any CPU
		{D7A6BD4D-36F1-4C3C-9C01-3A7A1F01DB17}.Debug|Any CPU.Build.0 = Debug|Any CPU
		{D7A6BD4D-36F1-4C3C-9C01-3A7A1F01DB17}.Release|Any CPU.ActiveCfg = Release|Any CPU
		{D7A6BD4D-36F1-4C3C-9C01-3A7A1F01DB17}.Release|Any CPU.Build.0 = Release|Any CPU
	EndGlobalSection
	GlobalSection(SolutionProperties) = preSolution
		HideSolutionNode = FALSE
	EndGlobalSection
	GlobalSection(ExtensibilityGlobals) = postSolution
		SolutionGuid = {0C75F8F3-D335-4877-829F-897516C49BED}
	EndGlobalSection
EndGlobal
