
Microsoft Visual Studio Solution File, Format Version 12.00
# Visual Studio Version 16
VisualStudioVersion = 16.0.34902.97
MinimumVisualStudioVersion = 10.0.40219.1
Project("{FAE04EC0-301F-11D3-BF4B-00C04F79EFBC}") = "async1", "async1.csproj", "{526EBDE6-45FD-4680-B21A-E575F81BBD23}"
EndProject
Project("{FAE04EC0-301F-11D3-BF4B-00C04F79EFBC}") = "noasync", "..\noasync\noasync.csproj", "{872823E6-642C-4746-8684-DA900A2E971E}"
EndProject
Project("{FAE04EC0-301F-11D3-BF4B-00C04F79EFBC}") = "poolTest", "..\poolTest\poolTest.csproj", "{93D293A4-E0D8-41D4-89D0-3E994AF6E219}"
EndProject
Global
	GlobalSection(SolutionConfigurationPlatforms) = preSolution
		Debug|Any CPU = Debug|Any CPU
		Release|Any CPU = Release|Any CPU
	EndGlobalSection
	GlobalSection(ProjectConfigurationPlatforms) = postSolution
		{526EBDE6-45FD-4680-B21A-E575F81BBD23}.Debug|Any CPU.ActiveCfg = Debug|Any CPU
		{526EBDE6-45FD-4680-B21A-E575F81BBD23}.Debug|Any CPU.Build.0 = Debug|Any CPU
		{526EBDE6-45FD-4680-B21A-E575F81BBD23}.Release|Any CPU.ActiveCfg = Release|Any CPU
		{526EBDE6-45FD-4680-B21A-E575F81BBD23}.Release|Any CPU.Build.0 = Release|Any CPU
		{872823E6-642C-4746-8684-DA900A2E971E}.Debug|Any CPU.ActiveCfg = Debug|Any CPU
		{872823E6-642C-4746-8684-DA900A2E971E}.Debug|Any CPU.Build.0 = Debug|Any CPU
		{872823E6-642C-4746-8684-DA900A2E971E}.Release|Any CPU.ActiveCfg = Release|Any CPU
		{872823E6-642C-4746-8684-DA900A2E971E}.Release|Any CPU.Build.0 = Release|Any CPU
		{93D293A4-E0D8-41D4-89D0-3E994AF6E219}.Debug|Any CPU.ActiveCfg = Debug|Any CPU
		{93D293A4-E0D8-41D4-89D0-3E994AF6E219}.Debug|Any CPU.Build.0 = Debug|Any CPU
		{93D293A4-E0D8-41D4-89D0-3E994AF6E219}.Release|Any CPU.ActiveCfg = Release|Any CPU
		{93D293A4-E0D8-41D4-89D0-3E994AF6E219}.Release|Any CPU.Build.0 = Release|Any CPU
	EndGlobalSection
	GlobalSection(SolutionProperties) = preSolution
		HideSolutionNode = FALSE
	EndGlobalSection
	GlobalSection(ExtensibilityGlobals) = postSolution
		SolutionGuid = {284AFBD8-DBA0-42AB-8054-602485CAD24C}
	EndGlobalSection
EndGlobal
