
Microsoft Visual Studio Solution File, Format Version 12.00
# Visual Studio Version 17
VisualStudioVersion = 17.11.35219.272
MinimumVisualStudioVersion = 10.0.40219.1
Project("{FAE04EC0-301F-11D3-BF4B-00C04F79EFBC}") = "客户端响应缓存1", "客户端响应缓存1\客户端响应缓存1.csproj", "{EC05AFFA-7564-4981-B97F-F5440AEE993A}"
EndProject
Global
	GlobalSection(SolutionConfigurationPlatforms) = preSolution
		Debug|Any CPU = Debug|Any CPU
		Release|Any CPU = Release|Any CPU
	EndGlobalSection
	GlobalSection(ProjectConfigurationPlatforms) = postSolution
		{EC05AFFA-7564-4981-B97F-F5440AEE993A}.Debug|Any CPU.ActiveCfg = Debug|Any CPU
		{EC05AFFA-7564-4981-B97F-F5440AEE993A}.Debug|Any CPU.Build.0 = Debug|Any CPU
		{EC05AFFA-7564-4981-B97F-F5440AEE993A}.Release|Any CPU.ActiveCfg = Release|Any CPU
		{EC05AFFA-7564-4981-B97F-F5440AEE993A}.Release|Any CPU.Build.0 = Release|Any CPU
	EndGlobalSection
	GlobalSection(SolutionProperties) = preSolution
		HideSolutionNode = FALSE
	EndGlobalSection
	GlobalSection(ExtensibilityGlobals) = postSolution
		SolutionGuid = {82C44BB5-2A9C-478E-8CD8-8C8AF990494F}
	EndGlobalSection
EndGlobal
