
Microsoft Visual Studio Solution File, Format Version 12.00
# Visual Studio Version 16
VisualStudioVersion = 16.0.34902.97
MinimumVisualStudioVersion = 10.0.40219.1
Project("{FAE04EC0-301F-11D3-BF4B-00C04F79EFBC}") = "ConfigServices", "ConfigServices.csproj", "{84B0AA8C-4572-4906-ADD0-BE9EF2744C32}"
EndProject
Project("{FAE04EC0-301F-11D3-BF4B-00C04F79EFBC}") = "LogServices", "..\LogServices\LogServices.csproj", "{8FD3F0AD-B760-4C3F-A100-3B7A7C52CDB7}"
EndProject
Project("{FAE04EC0-301F-11D3-BF4B-00C04F79EFBC}") = "MailServices", "..\MailServices\MailServices.csproj", "{54B812CD-5456-46A0-A2AA-B3A0ED268048}"
EndProject
Project("{FAE04EC0-301F-11D3-BF4B-00C04F79EFBC}") = "MailServicesConsole", "..\MailServicesConsole\MailServicesConsole.csproj", "{F9DC94D8-93E9-422E-A8D9-18797CA178BA}"
EndProject
Global
	GlobalSection(SolutionConfigurationPlatforms) = preSolution
		Debug|Any CPU = Debug|Any CPU
		Release|Any CPU = Release|Any CPU
	EndGlobalSection
	GlobalSection(ProjectConfigurationPlatforms) = postSolution
		{84B0AA8C-4572-4906-ADD0-BE9EF2744C32}.Debug|Any CPU.ActiveCfg = Debug|Any CPU
		{84B0AA8C-4572-4906-ADD0-BE9EF2744C32}.Debug|Any CPU.Build.0 = Debug|Any CPU
		{84B0AA8C-4572-4906-ADD0-BE9EF2744C32}.Release|Any CPU.ActiveCfg = Release|Any CPU
		{84B0AA8C-4572-4906-ADD0-BE9EF2744C32}.Release|Any CPU.Build.0 = Release|Any CPU
		{8FD3F0AD-B760-4C3F-A100-3B7A7C52CDB7}.Debug|Any CPU.ActiveCfg = Debug|Any CPU
		{8FD3F0AD-B760-4C3F-A100-3B7A7C52CDB7}.Debug|Any CPU.Build.0 = Debug|Any CPU
		{8FD3F0AD-B760-4C3F-A100-3B7A7C52CDB7}.Release|Any CPU.ActiveCfg = Release|Any CPU
		{8FD3F0AD-B760-4C3F-A100-3B7A7C52CDB7}.Release|Any CPU.Build.0 = Release|Any CPU
		{54B812CD-5456-46A0-A2AA-B3A0ED268048}.Debug|Any CPU.ActiveCfg = Debug|Any CPU
		{54B812CD-5456-46A0-A2AA-B3A0ED268048}.Debug|Any CPU.Build.0 = Debug|Any CPU
		{54B812CD-5456-46A0-A2AA-B3A0ED268048}.Release|Any CPU.ActiveCfg = Release|Any CPU
		{54B812CD-5456-46A0-A2AA-B3A0ED268048}.Release|Any CPU.Build.0 = Release|Any CPU
		{F9DC94D8-93E9-422E-A8D9-18797CA178BA}.Debug|Any CPU.ActiveCfg = Debug|Any CPU
		{F9DC94D8-93E9-422E-A8D9-18797CA178BA}.Debug|Any CPU.Build.0 = Debug|Any CPU
		{F9DC94D8-93E9-422E-A8D9-18797CA178BA}.Release|Any CPU.ActiveCfg = Release|Any CPU
		{F9DC94D8-93E9-422E-A8D9-18797CA178BA}.Release|Any CPU.Build.0 = Release|Any CPU
	EndGlobalSection
	GlobalSection(SolutionProperties) = preSolution
		HideSolutionNode = FALSE
	EndGlobalSection
	GlobalSection(ExtensibilityGlobals) = postSolution
		SolutionGuid = {FDCDDC88-89CC-406F-897C-27A716AEAD54}
	EndGlobalSection
EndGlobal
