
Microsoft Visual Studio Solution File, Format Version 12.00
# Visual Studio Version 16
VisualStudioVersion = 16.0.34902.97
MinimumVisualStudioVersion = 10.0.40219.1
Project("{FAE04EC0-301F-11D3-BF4B-00C04F79EFBC}") = "HelloClass", "HelloClass.csproj", "{19F97EF5-CAD3-4B62-A321-055BA8ACE442}"
EndProject
Project("{FAE04EC0-301F-11D3-BF4B-00C04F79EFBC}") = "MyLib", "..\MyLib\MyLib.csproj", "{0874D22D-1075-4325-9BEC-4F74393384EB}"
EndProject
Global
	GlobalSection(SolutionConfigurationPlatforms) = preSolution
		Debug|Any CPU = Debug|Any CPU
		Release|Any CPU = Release|Any CPU
	EndGlobalSection
	GlobalSection(ProjectConfigurationPlatforms) = postSolution
		{19F97EF5-CAD3-4B62-A321-055BA8ACE442}.Debug|Any CPU.ActiveCfg = Debug|Any CPU
		{19F97EF5-CAD3-4B62-A321-055BA8ACE442}.Debug|Any CPU.Build.0 = Debug|Any CPU
		{19F97EF5-CAD3-4B62-A321-055BA8ACE442}.Release|Any CPU.ActiveCfg = Release|Any CPU
		{19F97EF5-CAD3-4B62-A321-055BA8ACE442}.Release|Any CPU.Build.0 = Release|Any CPU
		{0874D22D-1075-4325-9BEC-4F74393384EB}.Debug|Any CPU.ActiveCfg = Debug|Any CPU
		{0874D22D-1075-4325-9BEC-4F74393384EB}.Debug|Any CPU.Build.0 = Debug|Any CPU
		{0874D22D-1075-4325-9BEC-4F74393384EB}.Release|Any CPU.ActiveCfg = Release|Any CPU
		{0874D22D-1075-4325-9BEC-4F74393384EB}.Release|Any CPU.Build.0 = Release|Any CPU
	EndGlobalSection
	GlobalSection(SolutionProperties) = preSolution
		HideSolutionNode = FALSE
	EndGlobalSection
	GlobalSection(ExtensibilityGlobals) = postSolution
		SolutionGuid = {C6400BC9-2F3B-47B8-AB4C-63DA78669630}
	EndGlobalSection
EndGlobal
