
Microsoft Visual Studio Solution File, Format Version 12.00
# Visual Studio Version 16
VisualStudioVersion = 16.0.34902.97
MinimumVisualStudioVersion = 10.0.40219.1
Project("{9A19103F-16F7-4668-BE54-9A1E7A4F7556}") = "LINQTest1", "LINQTest1.csproj", "{D4678EBF-15DC-4FB6-A15D-45AF4D75C35A}"
EndProject
Project("{FAE04EC0-301F-11D3-BF4B-00C04F79EFBC}") = "委托匿名方法", "..\委托匿名方法\委托匿名方法.csproj", "{8A6F75E1-BC8C-4E43-9E99-1CC9E22AA844}"
EndProject
Project("{FAE04EC0-301F-11D3-BF4B-00C04F79EFBC}") = "揭秘LINQ方法的背后", "..\揭秘LINQ方法的背后\揭秘LINQ方法的背后.csproj", "{F1AB0501-38AB-42C7-B6E5-0DD2DEACF8A2}"
EndProject
Global
	GlobalSection(SolutionConfigurationPlatforms) = preSolution
		Debug|Any CPU = Debug|Any CPU
		Release|Any CPU = Release|Any CPU
	EndGlobalSection
	GlobalSection(ProjectConfigurationPlatforms) = postSolution
		{D4678EBF-15DC-4FB6-A15D-45AF4D75C35A}.Debug|Any CPU.ActiveCfg = Debug|Any CPU
		{D4678EBF-15DC-4FB6-A15D-45AF4D75C35A}.Debug|Any CPU.Build.0 = Debug|Any CPU
		{D4678EBF-15DC-4FB6-A15D-45AF4D75C35A}.Release|Any CPU.ActiveCfg = Release|Any CPU
		{D4678EBF-15DC-4FB6-A15D-45AF4D75C35A}.Release|Any CPU.Build.0 = Release|Any CPU
		{8A6F75E1-BC8C-4E43-9E99-1CC9E22AA844}.Debug|Any CPU.ActiveCfg = Debug|Any CPU
		{8A6F75E1-BC8C-4E43-9E99-1CC9E22AA844}.Debug|Any CPU.Build.0 = Debug|Any CPU
		{8A6F75E1-BC8C-4E43-9E99-1CC9E22AA844}.Release|Any CPU.ActiveCfg = Release|Any CPU
		{8A6F75E1-BC8C-4E43-9E99-1CC9E22AA844}.Release|Any CPU.Build.0 = Release|Any CPU
		{F1AB0501-38AB-42C7-B6E5-0DD2DEACF8A2}.Debug|Any CPU.ActiveCfg = Debug|Any CPU
		{F1AB0501-38AB-42C7-B6E5-0DD2DEACF8A2}.Debug|Any CPU.Build.0 = Debug|Any CPU
		{F1AB0501-38AB-42C7-B6E5-0DD2DEACF8A2}.Release|Any CPU.ActiveCfg = Release|Any CPU
		{F1AB0501-38AB-42C7-B6E5-0DD2DEACF8A2}.Release|Any CPU.Build.0 = Release|Any CPU
	EndGlobalSection
	GlobalSection(SolutionProperties) = preSolution
		HideSolutionNode = FALSE
	EndGlobalSection
	GlobalSection(ExtensibilityGlobals) = postSolution
		SolutionGuid = {F9283353-F459-44AB-9E64-5BB85CE49929}
	EndGlobalSection
EndGlobal
