
Microsoft Visual Studio Solution File, Format Version 12.00
# Visual Studio Version 16
VisualStudioVersion = 16.0.34902.97
MinimumVisualStudioVersion = 10.0.40219.1
Project("{FAE04EC0-301F-11D3-BF4B-00C04F79EFBC}") = "TestLib1", "TestLib1.csproj", "{93304496-CADD-41A2-B66F-4F2BB7668B5A}"
EndProject
Project("{FAE04EC0-301F-11D3-BF4B-00C04F79EFBC}") = "CoreConsole1", "..\CoreConsole1\CoreConsole1.csproj", "{07853165-8EF5-45E8-A4D2-ABF39C189D48}"
EndProject
Project("{FAE04EC0-301F-11D3-BF4B-00C04F79EFBC}") = "FrameworkConsole1", "..\FrameworkConsole1\FrameworkConsole1.csproj", "{787C0CFF-BFC0-4E44-8FC5-59C328E5B6D3}"
EndProject
Global
	GlobalSection(SolutionConfigurationPlatforms) = preSolution
		Debug|Any CPU = Debug|Any CPU
		Release|Any CPU = Release|Any CPU
	EndGlobalSection
	GlobalSection(ProjectConfigurationPlatforms) = postSolution
		{93304496-CADD-41A2-B66F-4F2BB7668B5A}.Debug|Any CPU.ActiveCfg = Debug|Any CPU
		{93304496-CADD-41A2-B66F-4F2BB7668B5A}.Debug|Any CPU.Build.0 = Debug|Any CPU
		{93304496-CADD-41A2-B66F-4F2BB7668B5A}.Release|Any CPU.ActiveCfg = Release|Any CPU
		{93304496-CADD-41A2-B66F-4F2BB7668B5A}.Release|Any CPU.Build.0 = Release|Any CPU
		{07853165-8EF5-45E8-A4D2-ABF39C189D48}.Debug|Any CPU.ActiveCfg = Debug|Any CPU
		{07853165-8EF5-45E8-A4D2-ABF39C189D48}.Debug|Any CPU.Build.0 = Debug|Any CPU
		{07853165-8EF5-45E8-A4D2-ABF39C189D48}.Release|Any CPU.ActiveCfg = Release|Any CPU
		{07853165-8EF5-45E8-A4D2-ABF39C189D48}.Release|Any CPU.Build.0 = Release|Any CPU
		{787C0CFF-BFC0-4E44-8FC5-59C328E5B6D3}.Debug|Any CPU.ActiveCfg = Debug|Any CPU
		{787C0CFF-BFC0-4E44-8FC5-59C328E5B6D3}.Debug|Any CPU.Build.0 = Debug|Any CPU
		{787C0CFF-BFC0-4E44-8FC5-59C328E5B6D3}.Release|Any CPU.ActiveCfg = Release|Any CPU
		{787C0CFF-BFC0-4E44-8FC5-59C328E5B6D3}.Release|Any CPU.Build.0 = Release|Any CPU
	EndGlobalSection
	GlobalSection(SolutionProperties) = preSolution
		HideSolutionNode = FALSE
	EndGlobalSection
	GlobalSection(ExtensibilityGlobals) = postSolution
		SolutionGuid = {FE24582F-8EB7-4CBC-B82F-A9F5D536BF5A}
	EndGlobalSection
EndGlobal
