
Microsoft Visual Studio Solution File, Format Version 12.00
# Visual Studio Version 16
VisualStudioVersion = 16.0.34902.97
MinimumVisualStudioVersion = 10.0.40219.1
Project("{FAE04EC0-301F-11D3-BF4B-00C04F79EFBC}") = "Eventlianxi", "Eventlianxi.csproj", "{6DDE94AF-CB11-4366-B800-51FFEE7DA173}"
EndProject
Global
	GlobalSection(SolutionConfigurationPlatforms) = preSolution
		Debug|Any CPU = Debug|Any CPU
		Release|Any CPU = Release|Any CPU
	EndGlobalSection
	GlobalSection(ProjectConfigurationPlatforms) = postSolution
		{6DDE94AF-CB11-4366-B800-51FFEE7DA173}.Debug|Any CPU.ActiveCfg = Debug|Any CPU
		{6DDE94AF-CB11-4366-B800-51FFEE7DA173}.Debug|Any CPU.Build.0 = Debug|Any CPU
		{6DDE94AF-CB11-4366-B800-51FFEE7DA173}.Release|Any CPU.ActiveCfg = Release|Any CPU
		{6DDE94AF-CB11-4366-B800-51FFEE7DA173}.Release|Any CPU.Build.0 = Release|Any CPU
	EndGlobalSection
	GlobalSection(SolutionProperties) = preSolution
		HideSolutionNode = FALSE
	EndGlobalSection
	GlobalSection(ExtensibilityGlobals) = postSolution
		SolutionGuid = {8433BF7B-B7BF-47E8-BBF2-A2588BCA52EF}
	EndGlobalSection
EndGlobal
