
Microsoft Visual Studio Solution File, Format Version 12.00
# Visual Studio Version 16
VisualStudioVersion = 16.0.34902.97
MinimumVisualStudioVersion = 10.0.40219.1
Project("{FAE04EC0-301F-11D3-BF4B-00C04F79EFBC}") = "switchlianxi", "switchlianxi.csproj", "{6B0B8193-9EEC-4BDE-BB54-AAD1F5C2F1A5}"
EndProject
Global
	GlobalSection(SolutionConfigurationPlatforms) = preSolution
		Debug|Any CPU = Debug|Any CPU
		Release|Any CPU = Release|Any CPU
	EndGlobalSection
	GlobalSection(ProjectConfigurationPlatforms) = postSolution
		{6B0B8193-9EEC-4BDE-BB54-AAD1F5C2F1A5}.Debug|Any CPU.ActiveCfg = Debug|Any CPU
		{6B0B8193-9EEC-4BDE-BB54-AAD1F5C2F1A5}.Debug|Any CPU.Build.0 = Debug|Any CPU
		{6B0B8193-9EEC-4BDE-BB54-AAD1F5C2F1A5}.Release|Any CPU.ActiveCfg = Release|Any CPU
		{6B0B8193-9EEC-4BDE-BB54-AAD1F5C2F1A5}.Release|Any CPU.Build.0 = Release|Any CPU
	EndGlobalSection
	GlobalSection(SolutionProperties) = preSolution
		HideSolutionNode = FALSE
	EndGlobalSection
	GlobalSection(ExtensibilityGlobals) = postSolution
		SolutionGuid = {2444DBD1-B111-4AB1-B25F-ED3164D62816}
	EndGlobalSection
EndGlobal
