
Microsoft Visual Studio Solution File, Format Version 12.00
# Visual Studio Version 16
VisualStudioVersion = 16.0.34902.97
MinimumVisualStudioVersion = 10.0.40219.1
Project("{FAE04EC0-301F-11D3-BF4B-00C04F79EFBC}") = "fieldlianxi", "fieldlianxi.csproj", "{3033BF3A-F789-426D-A600-711790DC1DE4}"
EndProject
Global
	GlobalSection(SolutionConfigurationPlatforms) = preSolution
		Debug|Any CPU = Debug|Any CPU
		Release|Any CPU = Release|Any CPU
	EndGlobalSection
	GlobalSection(ProjectConfigurationPlatforms) = postSolution
		{3033BF3A-F789-426D-A600-711790DC1DE4}.Debug|Any CPU.ActiveCfg = Debug|Any CPU
		{3033BF3A-F789-426D-A600-711790DC1DE4}.Debug|Any CPU.Build.0 = Debug|Any CPU
		{3033BF3A-F789-426D-A600-711790DC1DE4}.Release|Any CPU.ActiveCfg = Release|Any CPU
		{3033BF3A-F789-426D-A600-711790DC1DE4}.Release|Any CPU.Build.0 = Release|Any CPU
	EndGlobalSection
	GlobalSection(SolutionProperties) = preSolution
		HideSolutionNode = FALSE
	EndGlobalSection
	GlobalSection(ExtensibilityGlobals) = postSolution
		SolutionGuid = {AA5F8292-BF07-4E9C-85CA-E1B9BC102BCB}
	EndGlobalSection
EndGlobal
