
Microsoft Visual Studio Solution File, Format Version 12.00
# Visual Studio Version 16
VisualStudioVersion = 16.0.34601.136
MinimumVisualStudioVersion = 10.0.40219.1
Project("{FAE04EC0-301F-11D3-BF4B-00C04F79EFBC}") = "WpfApptest1", "WpfApptest1.csproj", "{4338C2B4-8BFF-4F31-969C-80D7C43D62AA}"
EndProject
Global
	GlobalSection(SolutionConfigurationPlatforms) = preSolution
		Debug|Any CPU = Debug|Any CPU
		Release|Any CPU = Release|Any CPU
	EndGlobalSection
	GlobalSection(ProjectConfigurationPlatforms) = postSolution
		{4338C2B4-8BFF-4F31-969C-80D7C43D62AA}.Debug|Any CPU.ActiveCfg = Debug|Any CPU
		{4338C2B4-8BFF-4F31-969C-80D7C43D62AA}.Debug|Any CPU.Build.0 = Debug|Any CPU
		{4338C2B4-8BFF-4F31-969C-80D7C43D62AA}.Release|Any CPU.ActiveCfg = Release|Any CPU
		{4338C2B4-8BFF-4F31-969C-80D7C43D62AA}.Release|Any CPU.Build.0 = Release|Any CPU
	EndGlobalSection
	GlobalSection(SolutionProperties) = preSolution
		HideSolutionNode = FALSE
	EndGlobalSection
	GlobalSection(ExtensibilityGlobals) = postSolution
		SolutionGuid = {F6CDDD4C-6634-4E71-B493-B1ED1965BB36}
	EndGlobalSection
EndGlobal
