
Microsoft Visual Studio Solution File, Format Version 12.00
# Visual Studio Version 16
VisualStudioVersion = 16.0.34902.97
MinimumVisualStudioVersion = 10.0.40219.1
Project("{FAE04EC0-301F-11D3-BF4B-00C04F79EFBC}") = "MyLibrary", "MyLibrary\MyLibrary.csproj", "{382147F2-5961-4E8C-B0D6-A0D8057BDB9F}"
EndProject
Global
	GlobalSection(SolutionConfigurationPlatforms) = preSolution
		Debug|Any CPU = Debug|Any CPU
		Release|Any CPU = Release|Any CPU
	EndGlobalSection
	GlobalSection(ProjectConfigurationPlatforms) = postSolution
		{382147F2-5961-4E8C-B0D6-A0D8057BDB9F}.Debug|Any CPU.ActiveCfg = Debug|Any CPU
		{382147F2-5961-4E8C-B0D6-A0D8057BDB9F}.Debug|Any CPU.Build.0 = Debug|Any CPU
		{382147F2-5961-4E8C-B0D6-A0D8057BDB9F}.Release|Any CPU.ActiveCfg = Release|Any CPU
		{382147F2-5961-4E8C-B0D6-A0D8057BDB9F}.Release|Any CPU.Build.0 = Release|Any CPU
	EndGlobalSection
	GlobalSection(SolutionProperties) = preSolution
		HideSolutionNode = FALSE
	EndGlobalSection
	GlobalSection(ExtensibilityGlobals) = postSolution
		SolutionGuid = {A1F543FA-4355-4A6A-B01B-AE8E2E6E6353}
	EndGlobalSection
EndGlobal
