
Microsoft Visual Studio Solution File, Format Version 12.00
# Visual Studio Version 16
VisualStudioVersion = 16.0.34902.97
MinimumVisualStudioVersion = 10.0.40219.1
Project("{FAE04EC0-301F-11D3-BF4B-00C04F79EFBC}") = "ConsoleApplianxi20", "ConsoleApplianxi20.csproj", "{B71F5B52-B773-467F-9F92-DACA99FD734F}"
EndProject
Global
	GlobalSection(SolutionConfigurationPlatforms) = preSolution
		Debug|Any CPU = Debug|Any CPU
		Release|Any CPU = Release|Any CPU
	EndGlobalSection
	GlobalSection(ProjectConfigurationPlatforms) = postSolution
		{B71F5B52-B773-467F-9F92-DACA99FD734F}.Debug|Any CPU.ActiveCfg = Debug|Any CPU
		{B71F5B52-B773-467F-9F92-DACA99FD734F}.Debug|Any CPU.Build.0 = Debug|Any CPU
		{B71F5B52-B773-467F-9F92-DACA99FD734F}.Release|Any CPU.ActiveCfg = Release|Any CPU
		{B71F5B52-B773-467F-9F92-DACA99FD734F}.Release|Any CPU.Build.0 = Release|Any CPU
	EndGlobalSection
	GlobalSection(SolutionProperties) = preSolution
		HideSolutionNode = FALSE
	EndGlobalSection
	GlobalSection(ExtensibilityGlobals) = postSolution
		SolutionGuid = {59CB8906-6147-42E4-ADB1-C8447619FEB9}
	EndGlobalSection
EndGlobal
