
Microsoft Visual Studio Solution File, Format Version 12.00
# Visual Studio Version 16
VisualStudioVersion = 16.0.34902.97
MinimumVisualStudioVersion = 10.0.40219.1
Project("{FAE04EC0-301F-11D3-BF4B-00C04F79EFBC}") = "InterfaceExample1", "InterfaceExample1.csproj", "{DC4E794D-18C5-43F0-B608-CBF5DCB1BDED}"
EndProject
Project("{FAE04EC0-301F-11D3-BF4B-00C04F79EFBC}") = "InterfaceExample1.Tests", "..\InterfaceExample1.Tests\InterfaceExample1.Tests.csproj", "{E6E60F9B-CC9A-45FC-A17B-4F70A6F65E71}"
EndProject
Global
	GlobalSection(SolutionConfigurationPlatforms) = preSolution
		Debug|Any CPU = Debug|Any CPU
		Release|Any CPU = Release|Any CPU
	EndGlobalSection
	GlobalSection(ProjectConfigurationPlatforms) = postSolution
		{DC4E794D-18C5-43F0-B608-CBF5DCB1BDED}.Debug|Any CPU.ActiveCfg = Debug|Any CPU
		{DC4E794D-18C5-43F0-B608-CBF5DCB1BDED}.Debug|Any CPU.Build.0 = Debug|Any CPU
		{DC4E794D-18C5-43F0-B608-CBF5DCB1BDED}.Release|Any CPU.ActiveCfg = Release|Any CPU
		{DC4E794D-18C5-43F0-B608-CBF5DCB1BDED}.Release|Any CPU.Build.0 = Release|Any CPU
		{E6E60F9B-CC9A-45FC-A17B-4F70A6F65E71}.Debug|Any CPU.ActiveCfg = Debug|Any CPU
		{E6E60F9B-CC9A-45FC-A17B-4F70A6F65E71}.Debug|Any CPU.Build.0 = Debug|Any CPU
		{E6E60F9B-CC9A-45FC-A17B-4F70A6F65E71}.Release|Any CPU.ActiveCfg = Release|Any CPU
		{E6E60F9B-CC9A-45FC-A17B-4F70A6F65E71}.Release|Any CPU.Build.0 = Release|Any CPU
	EndGlobalSection
	GlobalSection(SolutionProperties) = preSolution
		HideSolutionNode = FALSE
	EndGlobalSection
	GlobalSection(ExtensibilityGlobals) = postSolution
		SolutionGuid = {506912FB-7447-404E-975C-270AD3355577}
	EndGlobalSection
EndGlobal
