
Microsoft Visual Studio Solution File, Format Version 12.00
# Visual Studio Version 17
VisualStudioVersion = 17.10.34916.146
MinimumVisualStudioVersion = 10.0.40219.1
Project("{FAE04EC0-301F-11D3-BF4B-00C04F79EFBC}") = "PropertySample", "PropertySample\PropertySample.csproj", "{3C94D13A-9E71-405E-85B8-73789F397658}"
EndProject
Global
	GlobalSection(SolutionConfigurationPlatforms) = preSolution
		Debug|Any CPU = Debug|Any CPU
		Release|Any CPU = Release|Any CPU
	EndGlobalSection
	GlobalSection(ProjectConfigurationPlatforms) = postSolution
		{3C94D13A-9E71-405E-85B8-73789F397658}.Debug|Any CPU.ActiveCfg = Debug|Any CPU
		{3C94D13A-9E71-405E-85B8-73789F397658}.Debug|Any CPU.Build.0 = Debug|Any CPU
		{3C94D13A-9E71-405E-85B8-73789F397658}.Release|Any CPU.ActiveCfg = Release|Any CPU
		{3C94D13A-9E71-405E-85B8-73789F397658}.Release|Any CPU.Build.0 = Release|Any CPU
	EndGlobalSection
	GlobalSection(SolutionProperties) = preSolution
		HideSolutionNode = FALSE
	EndGlobalSection
	GlobalSection(ExtensibilityGlobals) = postSolution
		SolutionGuid = {6DFAA663-9CDE-430F-B288-CF746A4A9EC2}
	EndGlobalSection
EndGlobal
